
Microsoft Visual Studio Solution File, Format Version 12.00
# Visual Studio Version 17
VisualStudioVersion = 17.1.32328.378
MinimumVisualStudioVersion = 10.0.40219.1
Project("{9A19103F-16F7-4668-BE54-9A1E7A4F7556}") = "DiplomaChat.SingleSignOn", "DiplomaChat.SingleSignOn\DiplomaChat.SingleSignOn.csproj", "{8194C2F5-890E-4296-9B31-EAD052B98DAB}"
EndProject
Project("{9A19103F-16F7-4668-BE54-9A1E7A4F7556}") = "DiplomaChat.SingleSignOn.DataAccess", "DiplomaChat.SingleSignOn.DataAccess\DiplomaChat.SingleSignOn.DataAccess.csproj", "{10098413-9194-4D4A-AB5E-2ED9BBAF7359}"
EndProject
Project("{2150E333-8FDC-42A3-9474-1A3956D46DE8}") = "DiplomaChat.Common", "DiplomaChat.Common", "{809859E5-AFC5-4652-B4B3-C93C766D22A4}"
EndProject
Project("{9A19103F-16F7-4668-BE54-9A1E7A4F7556}") = "DiplomaChat.Common", "..\DiplomaChat.Common\DiplomaChat.Common\DiplomaChat.Common.csproj", "{46A12FFD-D8AD-448E-A9BC-5F41FBA98FB8}"
EndProject
Project("{9A19103F-16F7-4668-BE54-9A1E7A4F7556}") = "DiplomaChat.Common.Authorization", "..\DiplomaChat.Common\DiplomaChat.Common.Authorization\DiplomaChat.Common.Authorization.csproj", "{7B587E3A-5D3F-4441-8245-7FE15216EDB9}"
EndProject
Project("{9A19103F-16F7-4668-BE54-9A1E7A4F7556}") = "DiplomaChat.Common.DataAccess", "..\DiplomaChat.Common\DiplomaChat.Common.DataAccess\DiplomaChat.Common.DataAccess.csproj", "{366D397A-0CB0-4A07-B53E-61FFB1772527}"
EndProject
Project("{9A19103F-16F7-4668-BE54-9A1E7A4F7556}") = "DiplomaChat.Common.Infrastructure", "..\DiplomaChat.Common\DiplomaChat.Common.Infrastructure\DiplomaChat.Common.Infrastructure.csproj", "{C9AAA803-6CE9-4D71-A126-2CE8D7D536BA}"
EndProject
Project("{9A19103F-16F7-4668-BE54-9A1E7A4F7556}") = "DiplomaChat.SingleSignOn.DataAccess.Contracts", "DiplomaChat.SingleSignOn.DataAccess.Contracts\DiplomaChat.SingleSignOn.DataAccess.Contracts.csproj", "{D6507BD6-0E3E-43FF-A4C9-06E0976B3305}"
EndProject
Project("{9A19103F-16F7-4668-BE54-9A1E7A4F7556}") = "DiplomaChat.Common.Infrastructure.Logging", "..\DiplomaChat.Common\DiplomaChat.Common.Infrastructure.Logging\DiplomaChat.Common.Infrastructure.Logging.csproj", "{08EB89D7-C808-47A9-A31E-1A7FF0968692}"
EndProject
Global
	GlobalSection(SolutionConfigurationPlatforms) = preSolution
		Debug|Any CPU = Debug|Any CPU
		Release|Any CPU = Release|Any CPU
	EndGlobalSection
	GlobalSection(ProjectConfigurationPlatforms) = postSolution
		{8194C2F5-890E-4296-9B31-EAD052B98DAB}.Debug|Any CPU.ActiveCfg = Debug|Any CPU
		{8194C2F5-890E-4296-9B31-EAD052B98DAB}.Debug|Any CPU.Build.0 = Debug|Any CPU
		{8194C2F5-890E-4296-9B31-EAD052B98DAB}.Release|Any CPU.ActiveCfg = Release|Any CPU
		{8194C2F5-890E-4296-9B31-EAD052B98DAB}.Release|Any CPU.Build.0 = Release|Any CPU
		{10098413-9194-4D4A-AB5E-2ED9BBAF7359}.Debug|Any CPU.ActiveCfg = Debug|Any CPU
		{10098413-9194-4D4A-AB5E-2ED9BBAF7359}.Debug|Any CPU.Build.0 = Debug|Any CPU
		{10098413-9194-4D4A-AB5E-2ED9BBAF7359}.Release|Any CPU.ActiveCfg = Release|Any CPU
		{10098413-9194-4D4A-AB5E-2ED9BBAF7359}.Release|Any CPU.Build.0 = Release|Any CPU
		{46A12FFD-D8AD-448E-A9BC-5F41FBA98FB8}.Debug|Any CPU.ActiveCfg = Debug|Any CPU
		{46A12FFD-D8AD-448E-A9BC-5F41FBA98FB8}.Debug|Any CPU.Build.0 = Debug|Any CPU
		{46A12FFD-D8AD-448E-A9BC-5F41FBA98FB8}.Release|Any CPU.ActiveCfg = Release|Any CPU
		{46A12FFD-D8AD-448E-A9BC-5F41FBA98FB8}.Release|Any CPU.Build.0 = Release|Any CPU
		{7B587E3A-5D3F-4441-8245-7FE15216EDB9}.Debug|Any CPU.ActiveCfg = Debug|Any CPU
		{7B587E3A-5D3F-4441-8245-7FE15216EDB9}.Debug|Any CPU.Build.0 = Debug|Any CPU
		{7B587E3A-5D3F-4441-8245-7FE15216EDB9}.Release|Any CPU.ActiveCfg = Release|Any CPU
		{7B587E3A-5D3F-4441-8245-7FE15216EDB9}.Release|Any CPU.Build.0 = Release|Any CPU
		{366D397A-0CB0-4A07-B53E-61FFB1772527}.Debug|Any CPU.ActiveCfg = Debug|Any CPU
		{366D397A-0CB0-4A07-B53E-61FFB1772527}.Debug|Any CPU.Build.0 = Debug|Any CPU
		{366D397A-0CB0-4A07-B53E-61FFB1772527}.Release|Any CPU.ActiveCfg = Release|Any CPU
		{366D397A-0CB0-4A07-B53E-61FFB1772527}.Release|Any CPU.Build.0 = Release|Any CPU
		{C9AAA803-6CE9-4D71-A126-2CE8D7D536BA}.Debug|Any CPU.ActiveCfg = Debug|Any CPU
		{C9AAA803-6CE9-4D71-A126-2CE8D7D536BA}.Debug|Any CPU.Build.0 = Debug|Any CPU
		{C9AAA803-6CE9-4D71-A126-2CE8D7D536BA}.Release|Any CPU.ActiveCfg = Release|Any CPU
		{C9AAA803-6CE9-4D71-A126-2CE8D7D536BA}.Release|Any CPU.Build.0 = Release|Any CPU
		{D6507BD6-0E3E-43FF-A4C9-06E0976B3305}.Debug|Any CPU.ActiveCfg = Debug|Any CPU
		{D6507BD6-0E3E-43FF-A4C9-06E0976B3305}.Debug|Any CPU.Build.0 = Debug|Any CPU
		{D6507BD6-0E3E-43FF-A4C9-06E0976B3305}.Release|Any CPU.ActiveCfg = Release|Any CPU
		{D6507BD6-0E3E-43FF-A4C9-06E0976B3305}.Release|Any CPU.Build.0 = Release|Any CPU
		{08EB89D7-C808-47A9-A31E-1A7FF0968692}.Debug|Any CPU.ActiveCfg = Debug|Any CPU
		{08EB89D7-C808-47A9-A31E-1A7FF0968692}.Debug|Any CPU.Build.0 = Debug|Any CPU
		{08EB89D7-C808-47A9-A31E-1A7FF0968692}.Release|Any CPU.ActiveCfg = Release|Any CPU
		{08EB89D7-C808-47A9-A31E-1A7FF0968692}.Release|Any CPU.Build.0 = Release|Any CPU
	EndGlobalSection
	GlobalSection(SolutionProperties) = preSolution
		HideSolutionNode = FALSE
	EndGlobalSection
	GlobalSection(NestedProjects) = preSolution
		{46A12FFD-D8AD-448E-A9BC-5F41FBA98FB8} = {809859E5-AFC5-4652-B4B3-C93C766D22A4}
		{7B587E3A-5D3F-4441-8245-7FE15216EDB9} = {809859E5-AFC5-4652-B4B3-C93C766D22A4}
		{366D397A-0CB0-4A07-B53E-61FFB1772527} = {809859E5-AFC5-4652-B4B3-C93C766D22A4}
		{C9AAA803-6CE9-4D71-A126-2CE8D7D536BA} = {809859E5-AFC5-4652-B4B3-C93C766D22A4}
		{08EB89D7-C808-47A9-A31E-1A7FF0968692} = {809859E5-AFC5-4652-B4B3-C93C766D22A4}
	EndGlobalSection
	GlobalSection(ExtensibilityGlobals) = postSolution
		SolutionGuid = {82020E82-83D2-4245-BFF6-BDFD3DDBD5D7}
	EndGlobalSection
EndGlobal
